
Microsoft Visual Studio Solution File, Format Version 12.00
# Visual Studio Version 17
VisualStudioVersion = 17.0.31919.166
MinimumVisualStudioVersion = 10.0.40219.1
Project("{9A19103F-16F7-4668-BE54-9A1E7A4F7556}") = "Shopping.Client", "Shopping.Client\Shopping.Client.csproj", "{6CB08C1A-3DBB-4C99-88D9-291D618181C1}"
EndProject
Project("{9A19103F-16F7-4668-BE54-9A1E7A4F7556}") = "Shopping.API", "Shopping.API\Shopping.API.csproj", "{19445E64-8F61-4FF7-BD24-24EE5484899D}"
EndProject
Project("{E53339B2-1760-4266-BCC7-CA923CBCF16C}") = "docker-compose", "docker-compose.dcproj", "{E05416E7-BE55-42CC-B8C4-9D8A4A5A41A8}"
EndProject
Global
	GlobalSection(SolutionConfigurationPlatforms) = preSolution
		Debug|Any CPU = Debug|Any CPU
		Release|Any CPU = Release|Any CPU
	EndGlobalSection
	GlobalSection(ProjectConfigurationPlatforms) = postSolution
		{6CB08C1A-3DBB-4C99-88D9-291D618181C1}.Debug|Any CPU.ActiveCfg = Debug|Any CPU
		{6CB08C1A-3DBB-4C99-88D9-291D618181C1}.Debug|Any CPU.Build.0 = Debug|Any CPU
		{6CB08C1A-3DBB-4C99-88D9-291D618181C1}.Release|Any CPU.ActiveCfg = Release|Any CPU
		{6CB08C1A-3DBB-4C99-88D9-291D618181C1}.Release|Any CPU.Build.0 = Release|Any CPU
		{19445E64-8F61-4FF7-BD24-24EE5484899D}.Debug|Any CPU.ActiveCfg = Debug|Any CPU
		{19445E64-8F61-4FF7-BD24-24EE5484899D}.Debug|Any CPU.Build.0 = Debug|Any CPU
		{19445E64-8F61-4FF7-BD24-24EE5484899D}.Release|Any CPU.ActiveCfg = Release|Any CPU
		{19445E64-8F61-4FF7-BD24-24EE5484899D}.Release|Any CPU.Build.0 = Release|Any CPU
		{E05416E7-BE55-42CC-B8C4-9D8A4A5A41A8}.Debug|Any CPU.ActiveCfg = Debug|Any CPU
		{E05416E7-BE55-42CC-B8C4-9D8A4A5A41A8}.Debug|Any CPU.Build.0 = Debug|Any CPU
		{E05416E7-BE55-42CC-B8C4-9D8A4A5A41A8}.Release|Any CPU.ActiveCfg = Release|Any CPU
		{E05416E7-BE55-42CC-B8C4-9D8A4A5A41A8}.Release|Any CPU.Build.0 = Release|Any CPU
	EndGlobalSection
	GlobalSection(SolutionProperties) = preSolution
		HideSolutionNode = FALSE
	EndGlobalSection
	GlobalSection(ExtensibilityGlobals) = postSolution
		SolutionGuid = {488EFBBA-3939-4476-8A68-93ED04F6E3CC}
	EndGlobalSection
EndGlobal
